
Microsoft Visual Studio Solution File, Format Version 12.00
# Visual Studio Version 17
VisualStudioVersion = 17.10.35013.160
MinimumVisualStudioVersion = 10.0.40219.1
Project("{FAE04EC0-301F-11D3-BF4B-00C04F79EFBC}") = "Docker.Net", "Docker.Net\Docker.Net.csproj", "{87C9A3A2-3AB5-4A72-8354-3B6C6E765964}"
EndProject
Global
	GlobalSection(SolutionConfigurationPlatforms) = preSolution
		Debug|Any CPU = Debug|Any CPU
		Release|Any CPU = Release|Any CPU
	EndGlobalSection
	GlobalSection(ProjectConfigurationPlatforms) = postSolution
		{87C9A3A2-3AB5-4A72-8354-3B6C6E765964}.Debug|Any CPU.ActiveCfg = Debug|Any CPU
		{87C9A3A2-3AB5-4A72-8354-3B6C6E765964}.Debug|Any CPU.Build.0 = Debug|Any CPU
		{87C9A3A2-3AB5-4A72-8354-3B6C6E765964}.Release|Any CPU.ActiveCfg = Release|Any CPU
		{87C9A3A2-3AB5-4A72-8354-3B6C6E765964}.Release|Any CPU.Build.0 = Release|Any CPU
	EndGlobalSection
	GlobalSection(SolutionProperties) = preSolution
		HideSolutionNode = FALSE
	EndGlobalSection
	GlobalSection(ExtensibilityGlobals) = postSolution
		SolutionGuid = {B8F62EA2-7893-49C0-B4CC-F5B7FFE39182}
	EndGlobalSection
EndGlobal
